{
  "name": "@jnbastoky/node-red-contrib-feathers-client",
  "version": "1.0.0",
  "lockfileVersion": 3,
  "requires": true,
  "packages": {
    "": {
      "name": "@jnbastoky/node-red-contrib-feathers-client",
      "version": "1.0.0",
      "license": "ISC",
      "dependencies": {
        "@feathersjs/authentication-client": "^5.0.7",
        "@feathersjs/client": "^5.0.7",
        "@feathersjs/feathers": "^5.0.7",
        "@feathersjs/socketio-client": "^5.0.7",
        "jwt-decode": "^3.1.2",
        "long-timeout": "^0.1.1",
        "moment": "^2.29.4",
        "socket.io-client": "^4.7.1"
      }
    },
    "node_modules/@babel/runtime": {
      "version": "7.22.6",
      "resolved": "https://registry.npmjs.org/@babel/runtime/-/runtime-7.22.6.tgz",
      "integrity": "sha512-wDb5pWm4WDdF6LFUde3Jl8WzPA+3ZbxYqkC6xAXuD3irdEHN1k0NfTRrJD8ZD378SJ61miMLCqIOXYhd8x+AJQ==",
      "dependencies": {
        "regenerator-runtime": "^0.13.11"
      },
      "engines": {
        "node": ">=6.9.0"
      }
    },
    "node_modules/@feathersjs/adapter-commons": {
      "version": "5.0.7",
      "resolved": "https://registry.npmjs.org/@feathersjs/adapter-commons/-/adapter-commons-5.0.7.tgz",
      "integrity": "sha512-VTOCLMIHc80lQAs0D4Lh0Xxayxl4TuiEjVVY9lqmfDOjYb06jaP+6gRuyLKll77Sj8Ztj5bx8Ldo0jHnynwCBg==",
      "dependencies": {
        "@feathersjs/commons": "^5.0.7",
        "@feathersjs/errors": "^5.0.7",
        "@feathersjs/feathers": "^5.0.7"
      },
      "engines": {
        "node": ">= 12"
      },
      "funding": {
        "type": "opencollective",
        "url": "https://opencollective.com/feathers"
      }
    },
    "node_modules/@feathersjs/authentication": {
      "version": "5.0.7",
      "resolved": "https://registry.npmjs.org/@feathersjs/authentication/-/authentication-5.0.7.tgz",
      "integrity": "sha512-Kzwq4J+iZDsiw6/jWWfTgXvTG7zVl5JYvMPkKQ8A5WHvBi7wuxPnDUhv0T1fv5c7XZ5McigpfSiiWhWVF+zLuw==",
      "dependencies": {
        "@feathersjs/commons": "^5.0.7",
        "@feathersjs/errors": "^5.0.7",
        "@feathersjs/feathers": "^5.0.7",
        "@feathersjs/hooks": "^0.8.1",
        "@feathersjs/schema": "^5.0.7",
        "@feathersjs/transport-commons": "^5.0.7",
        "@types/jsonwebtoken": "^9.0.2",
        "jsonwebtoken": "^9.0.1",
        "lodash": "^4.17.21",
        "long-timeout": "^0.1.1",
        "uuid": "^9.0.0"
      },
      "engines": {
        "node": ">= 12"
      },
      "funding": {
        "type": "github",
        "url": "https://github.com/sponsors/daffl"
      }
    },
    "node_modules/@feathersjs/authentication-client": {
      "version": "5.0.7",
      "resolved": "https://registry.npmjs.org/@feathersjs/authentication-client/-/authentication-client-5.0.7.tgz",
      "integrity": "sha512-0KOh1j/+wlmEdDuUZpJxs2+VeCS/WsXW52s8886uKj3lVfIn6ptlh0ma+gFDBBYeXMgSjZAQA0GUoI/n2+X9Pw==",
      "dependencies": {
        "@feathersjs/authentication": "^5.0.7",
        "@feathersjs/commons": "^5.0.7",
        "@feathersjs/errors": "^5.0.7",
        "@feathersjs/feathers": "^5.0.7"
      },
      "engines": {
        "node": ">= 12"
      },
      "funding": {
        "type": "github",
        "url": "https://github.com/sponsors/daffl"
      }
    },
    "node_modules/@feathersjs/client": {
      "version": "5.0.7",
      "resolved": "https://registry.npmjs.org/@feathersjs/client/-/client-5.0.7.tgz",
      "integrity": "sha512-jwLcWw2uMcTtC4ycISv7nr21glXM+rBcal8TmYncFiWAJ67SiVBN46FLqBdtLotvMqrbT+CVaQPJRRB31aQYFA==",
      "dependencies": {
        "@feathersjs/authentication-client": "^5.0.7",
        "@feathersjs/errors": "^5.0.7",
        "@feathersjs/feathers": "^5.0.7",
        "@feathersjs/rest-client": "^5.0.7",
        "@feathersjs/socketio-client": "^5.0.7"
      },
      "engines": {
        "node": ">= 12"
      },
      "funding": {
        "type": "github",
        "url": "https://github.com/sponsors/daffl"
      }
    },
    "node_modules/@feathersjs/commons": {
      "version": "5.0.7",
      "resolved": "https://registry.npmjs.org/@feathersjs/commons/-/commons-5.0.7.tgz",
      "integrity": "sha512-qCj+Ardd2eGvoG49u8UCMn5evb+TpqWkjtiqEBQtBQIvRH/iQXYT7aMrd3qGHMM/OFQGsbsjYVKwz1u7GWB3yQ==",
      "engines": {
        "node": ">= 12"
      },
      "funding": {
        "type": "github",
        "url": "https://github.com/sponsors/daffl"
      }
    },
    "node_modules/@feathersjs/errors": {
      "version": "5.0.7",
      "resolved": "https://registry.npmjs.org/@feathersjs/errors/-/errors-5.0.7.tgz",
      "integrity": "sha512-d06sApqD5sPVKqfLC6opEoZr9l7LZHVdKg6PfJ3Cxz17JhMMOaCROW4kobcISnnNS8ikAtKrF6O0nbTZH1mpDg==",
      "engines": {
        "node": ">= 12"
      }
    },
    "node_modules/@feathersjs/feathers": {
      "version": "5.0.7",
      "resolved": "https://registry.npmjs.org/@feathersjs/feathers/-/feathers-5.0.7.tgz",
      "integrity": "sha512-liGKHo/Pb64Xeh/oF0E65RyIF8cyAASE7u9ehFrxZMkroXa18pNg1iW1wIQ0kwmixptRijJ/Am0cjn+EQRoJ+Q==",
      "dependencies": {
        "@feathersjs/commons": "^5.0.7",
        "@feathersjs/hooks": "^0.8.1",
        "events": "^3.3.0"
      },
      "engines": {
        "node": ">= 12"
      },
      "funding": {
        "type": "github",
        "url": "https://github.com/sponsors/daffl"
      }
    },
    "node_modules/@feathersjs/hooks": {
      "version": "0.8.1",
      "resolved": "https://registry.npmjs.org/@feathersjs/hooks/-/hooks-0.8.1.tgz",
      "integrity": "sha512-q/OGjm2BEhT9cHYYcMZR4YKX4lHyufBJmi5Dz+XRM5YqUuEg9MYtR45CWgDiC1klrd2srNSsdmGNVU1otL4+0Q==",
      "engines": {
        "node": ">= 14"
      }
    },
    "node_modules/@feathersjs/rest-client": {
      "version": "5.0.7",
      "resolved": "https://registry.npmjs.org/@feathersjs/rest-client/-/rest-client-5.0.7.tgz",
      "integrity": "sha512-4R2iskIHsUJO93segou1jYi68bwOX05cvw5Ujg0J719zf6BUAmWQn6vupTwj6awAY1F4KtaMLDIaftwk5LTJRg==",
      "dependencies": {
        "@feathersjs/commons": "^5.0.7",
        "@feathersjs/errors": "^5.0.7",
        "@feathersjs/feathers": "^5.0.7",
        "@types/superagent": "^4.1.18",
        "qs": "^6.11.2"
      },
      "engines": {
        "node": ">= 12"
      },
      "funding": {
        "type": "github",
        "url": "https://github.com/sponsors/daffl"
      }
    },
    "node_modules/@feathersjs/schema": {
      "version": "5.0.7",
      "resolved": "https://registry.npmjs.org/@feathersjs/schema/-/schema-5.0.7.tgz",
      "integrity": "sha512-VwCjOwqe306ObUFBJcwr5CRvEFOplfodHviqWf2nRrie/cpwSQGVBsntTyZZpEAsinB7ujuXl+ivmBJ1YE4NSA==",
      "dependencies": {
        "@feathersjs/adapter-commons": "^5.0.7",
        "@feathersjs/commons": "^5.0.7",
        "@feathersjs/errors": "^5.0.7",
        "@feathersjs/feathers": "^5.0.7",
        "@feathersjs/hooks": "^0.8.1",
        "@types/json-schema": "^7.0.12",
        "ajv": "^8.12.0",
        "ajv-formats": "^2.1.1",
        "json-schema-to-ts": "^2.9.1"
      },
      "engines": {
        "node": ">= 12"
      },
      "funding": {
        "type": "github",
        "url": "https://github.com/sponsors/daffl"
      }
    },
    "node_modules/@feathersjs/socketio-client": {
      "version": "5.0.7",
      "resolved": "https://registry.npmjs.org/@feathersjs/socketio-client/-/socketio-client-5.0.7.tgz",
      "integrity": "sha512-7VZ0eYSCb8lFQj3LFSxnufXZjNg7cNF7h61cd/uRwegMxMTnAVAC1Ayd0mTdI4wB90fq3cpIcDuusbkNffcmHw==",
      "dependencies": {
        "@feathersjs/feathers": "^5.0.7",
        "@feathersjs/transport-commons": "^5.0.7"
      },
      "engines": {
        "node": ">= 12"
      },
      "funding": {
        "type": "github",
        "url": "https://github.com/sponsors/daffl"
      }
    },
    "node_modules/@feathersjs/transport-commons": {
      "version": "5.0.7",
      "resolved": "https://registry.npmjs.org/@feathersjs/transport-commons/-/transport-commons-5.0.7.tgz",
      "integrity": "sha512-cELGFrOnlAUO0JjRA7MdjKJ6scPJeKnbhhUbI1zRcZhE6l98Th0COv+dmHhWm94rfvI8Wc5KinmHy/Hetv1ffg==",
      "dependencies": {
        "@feathersjs/commons": "^5.0.7",
        "@feathersjs/errors": "^5.0.7",
        "@feathersjs/feathers": "^5.0.7",
        "encodeurl": "^1.0.2",
        "lodash": "^4.17.21"
      },
      "engines": {
        "node": ">= 12"
      },
      "funding": {
        "type": "github",
        "url": "https://github.com/sponsors/daffl"
      }
    },
    "node_modules/@socket.io/component-emitter": {
      "version": "3.1.0",
      "resolved": "https://registry.npmjs.org/@socket.io/component-emitter/-/component-emitter-3.1.0.tgz",
      "integrity": "sha512-+9jVqKhRSpsc591z5vX+X5Yyw+he/HCB4iQ/RYxw35CEPaY1gnsNE43nf9n9AaYjAQrTiI/mOwKUKdUs9vf7Xg=="
    },
    "node_modules/@types/cookiejar": {
      "version": "2.1.2",
      "resolved": "https://registry.npmjs.org/@types/cookiejar/-/cookiejar-2.1.2.tgz",
      "integrity": "sha512-t73xJJrvdTjXrn4jLS9VSGRbz0nUY3cl2DMGDU48lKl+HR9dbbjW2A9r3g40VA++mQpy6uuHg33gy7du2BKpog=="
    },
    "node_modules/@types/json-schema": {
      "version": "7.0.12",
      "resolved": "https://registry.npmjs.org/@types/json-schema/-/json-schema-7.0.12.tgz",
      "integrity": "sha512-Hr5Jfhc9eYOQNPYO5WLDq/n4jqijdHNlDXjuAQkkt+mWdQR+XJToOHrsD4cPaMXpn6KO7y2+wM8AZEs8VpBLVA=="
    },
    "node_modules/@types/jsonwebtoken": {
      "version": "9.0.2",
      "resolved": "https://registry.npmjs.org/@types/jsonwebtoken/-/jsonwebtoken-9.0.2.tgz",
      "integrity": "sha512-drE6uz7QBKq1fYqqoFKTDRdFCPHd5TCub75BM+D+cMx7NU9hUz7SESLfC2fSCXVFMO5Yj8sOWHuGqPgjc+fz0Q==",
      "dependencies": {
        "@types/node": "*"
      }
    },
    "node_modules/@types/node": {
      "version": "20.4.2",
      "resolved": "https://registry.npmjs.org/@types/node/-/node-20.4.2.tgz",
      "integrity": "sha512-Dd0BYtWgnWJKwO1jkmTrzofjK2QXXcai0dmtzvIBhcA+RsG5h8R3xlyta0kGOZRNfL9GuRtb1knmPEhQrePCEw=="
    },
    "node_modules/@types/superagent": {
      "version": "4.1.18",
      "resolved": "https://registry.npmjs.org/@types/superagent/-/superagent-4.1.18.tgz",
      "integrity": "sha512-LOWgpacIV8GHhrsQU+QMZuomfqXiqzz3ILLkCtKx3Us6AmomFViuzKT9D693QTKgyut2oCytMG8/efOop+DB+w==",
      "dependencies": {
        "@types/cookiejar": "*",
        "@types/node": "*"
      }
    },
    "node_modules/ajv": {
      "version": "8.12.0",
      "resolved": "https://registry.npmjs.org/ajv/-/ajv-8.12.0.tgz",
      "integrity": "sha512-sRu1kpcO9yLtYxBKvqfTeh9KzZEwO3STyX1HT+4CaDzC6HpTGYhIhPIzj9XuKU7KYDwnaeh5hcOwjy1QuJzBPA==",
      "dependencies": {
        "fast-deep-equal": "^3.1.1",
        "json-schema-traverse": "^1.0.0",
        "require-from-string": "^2.0.2",
        "uri-js": "^4.2.2"
      },
      "funding": {
        "type": "github",
        "url": "https://github.com/sponsors/epoberezkin"
      }
    },
    "node_modules/ajv-formats": {
      "version": "2.1.1",
      "resolved": "https://registry.npmjs.org/ajv-formats/-/ajv-formats-2.1.1.tgz",
      "integrity": "sha512-Wx0Kx52hxE7C18hkMEggYlEifqWZtYaRgouJor+WMdPnQyEK13vgEWyVNup7SoeeoLMsr4kf5h6dOW11I15MUA==",
      "dependencies": {
        "ajv": "^8.0.0"
      },
      "peerDependencies": {
        "ajv": "^8.0.0"
      },
      "peerDependenciesMeta": {
        "ajv": {
          "optional": true
        }
      }
    },
    "node_modules/buffer-equal-constant-time": {
      "version": "1.0.1",
      "resolved": "https://registry.npmjs.org/buffer-equal-constant-time/-/buffer-equal-constant-time-1.0.1.tgz",
      "integrity": "sha512-zRpUiDwd/xk6ADqPMATG8vc9VPrkck7T07OIx0gnjmJAnHnTVXNQG3vfvWNuiZIkwu9KrKdA1iJKfsfTVxE6NA=="
    },
    "node_modules/call-bind": {
      "version": "1.0.2",
      "resolved": "https://registry.npmjs.org/call-bind/-/call-bind-1.0.2.tgz",
      "integrity": "sha512-7O+FbCihrB5WGbFYesctwmTKae6rOiIzmz1icreWJ+0aA7LJfuqhEso2T9ncpcFtzMQtzXf2QGGueWJGTYsqrA==",
      "dependencies": {
        "function-bind": "^1.1.1",
        "get-intrinsic": "^1.0.2"
      },
      "funding": {
        "url": "https://github.com/sponsors/ljharb"
      }
    },
    "node_modules/debug": {
      "version": "4.3.4",
      "resolved": "https://registry.npmjs.org/debug/-/debug-4.3.4.tgz",
      "integrity": "sha512-PRWFHuSU3eDtQJPvnNY7Jcket1j0t5OuOsFzPPzsekD52Zl8qUfFIPEiswXqIvHWGVHOgX+7G/vCNNhehwxfkQ==",
      "dependencies": {
        "ms": "2.1.2"
      },
      "engines": {
        "node": ">=6.0"
      },
      "peerDependenciesMeta": {
        "supports-color": {
          "optional": true
        }
      }
    },
    "node_modules/debug/node_modules/ms": {
      "version": "2.1.2",
      "resolved": "https://registry.npmjs.org/ms/-/ms-2.1.2.tgz",
      "integrity": "sha512-sGkPx+VjMtmA6MX27oA4FBFELFCZZ4S4XqeGOXCv68tT+jb3vk/RyaKWP0PTKyWtmLSM0b+adUTEvbs1PEaH2w=="
    },
    "node_modules/ecdsa-sig-formatter": {
      "version": "1.0.11",
      "resolved": "https://registry.npmjs.org/ecdsa-sig-formatter/-/ecdsa-sig-formatter-1.0.11.tgz",
      "integrity": "sha512-nagl3RYrbNv6kQkeJIpt6NJZy8twLB/2vtz6yN9Z4vRKHN4/QZJIEbqohALSgwKdnksuY3k5Addp5lg8sVoVcQ==",
      "dependencies": {
        "safe-buffer": "^5.0.1"
      }
    },
    "node_modules/encodeurl": {
      "version": "1.0.2",
      "resolved": "https://registry.npmjs.org/encodeurl/-/encodeurl-1.0.2.tgz",
      "integrity": "sha512-TPJXq8JqFaVYm2CWmPvnP2Iyo4ZSM7/QKcSmuMLDObfpH5fi7RUGmd/rTDf+rut/saiDiQEeVTNgAmJEdAOx0w==",
      "engines": {
        "node": ">= 0.8"
      }
    },
    "node_modules/engine.io-client": {
      "version": "6.5.1",
      "resolved": "https://registry.npmjs.org/engine.io-client/-/engine.io-client-6.5.1.tgz",
      "integrity": "sha512-hE5wKXH8Ru4L19MbM1GgYV/2Qo54JSMh1rlJbfpa40bEWkCKNo3ol2eOtGmowcr+ysgbI7+SGL+by42Q3pt/Ng==",
      "dependencies": {
        "@socket.io/component-emitter": "~3.1.0",
        "debug": "~4.3.1",
        "engine.io-parser": "~5.1.0",
        "ws": "~8.11.0",
        "xmlhttprequest-ssl": "~2.0.0"
      }
    },
    "node_modules/engine.io-parser": {
      "version": "5.1.0",
      "resolved": "https://registry.npmjs.org/engine.io-parser/-/engine.io-parser-5.1.0.tgz",
      "integrity": "sha512-enySgNiK5tyZFynt3z7iqBR+Bto9EVVVvDFuTT0ioHCGbzirZVGDGiQjZzEp8hWl6hd5FSVytJGuScX1C1C35w==",
      "engines": {
        "node": ">=10.0.0"
      }
    },
    "node_modules/events": {
      "version": "3.3.0",
      "resolved": "https://registry.npmjs.org/events/-/events-3.3.0.tgz",
      "integrity": "sha512-mQw+2fkQbALzQ7V0MY0IqdnXNOeTtP4r0lN9z7AAawCXgqea7bDii20AYrIBrFd/Hx0M2Ocz6S111CaFkUcb0Q==",
      "engines": {
        "node": ">=0.8.x"
      }
    },
    "node_modules/fast-deep-equal": {
      "version": "3.1.3",
      "resolved": "https://registry.npmjs.org/fast-deep-equal/-/fast-deep-equal-3.1.3.tgz",
      "integrity": "sha512-f3qQ9oQy9j2AhBe/H9VC91wLmKBCCU/gDOnKNAYG5hswO7BLKj09Hc5HYNz9cGI++xlpDCIgDaitVs03ATR84Q=="
    },
    "node_modules/function-bind": {
      "version": "1.1.1",
      "resolved": "https://registry.npmjs.org/function-bind/-/function-bind-1.1.1.tgz",
      "integrity": "sha512-yIovAzMX49sF8Yl58fSCWJ5svSLuaibPxXQJFLmBObTuCr0Mf1KiPopGM9NiFjiYBCbfaa2Fh6breQ6ANVTI0A=="
    },
    "node_modules/get-intrinsic": {
      "version": "1.2.1",
      "resolved": "https://registry.npmjs.org/get-intrinsic/-/get-intrinsic-1.2.1.tgz",
      "integrity": "sha512-2DcsyfABl+gVHEfCOaTrWgyt+tb6MSEGmKq+kI5HwLbIYgjgmMcV8KQ41uaKz1xxUcn9tJtgFbQUEVcEbd0FYw==",
      "dependencies": {
        "function-bind": "^1.1.1",
        "has": "^1.0.3",
        "has-proto": "^1.0.1",
        "has-symbols": "^1.0.3"
      },
      "funding": {
        "url": "https://github.com/sponsors/ljharb"
      }
    },
    "node_modules/has": {
      "version": "1.0.3",
      "resolved": "https://registry.npmjs.org/has/-/has-1.0.3.tgz",
      "integrity": "sha512-f2dvO0VU6Oej7RkWJGrehjbzMAjFp5/VKPp5tTpWIV4JHHZK1/BxbFRtf/siA2SWTe09caDmVtYYzWEIbBS4zw==",
      "dependencies": {
        "function-bind": "^1.1.1"
      },
      "engines": {
        "node": ">= 0.4.0"
      }
    },
    "node_modules/has-proto": {
      "version": "1.0.1",
      "resolved": "https://registry.npmjs.org/has-proto/-/has-proto-1.0.1.tgz",
      "integrity": "sha512-7qE+iP+O+bgF9clE5+UoBFzE65mlBiVj3tKCrlNQ0Ogwm0BjpT/gK4SlLYDMybDh5I3TCTKnPPa0oMG7JDYrhg==",
      "engines": {
        "node": ">= 0.4"
      },
      "funding": {
        "url": "https://github.com/sponsors/ljharb"
      }
    },
    "node_modules/has-symbols": {
      "version": "1.0.3",
      "resolved": "https://registry.npmjs.org/has-symbols/-/has-symbols-1.0.3.tgz",
      "integrity": "sha512-l3LCuF6MgDNwTDKkdYGEihYjt5pRPbEg46rtlmnSPlUbgmB8LOIrKJbYYFBSbnPaJexMKtiPO8hmeRjRz2Td+A==",
      "engines": {
        "node": ">= 0.4"
      },
      "funding": {
        "url": "https://github.com/sponsors/ljharb"
      }
    },
    "node_modules/json-schema-to-ts": {
      "version": "2.9.1",
      "resolved": "https://registry.npmjs.org/json-schema-to-ts/-/json-schema-to-ts-2.9.1.tgz",
      "integrity": "sha512-8MNpRGERlCUWYeJwsWkMrJ0MWzBz49dfqpG+n9viiIlP4othaahbiaNQZuBzmPxRLUhOv1QJMCzW5WE8nHFGIQ==",
      "dependencies": {
        "@babel/runtime": "^7.18.3",
        "@types/json-schema": "^7.0.9",
        "ts-algebra": "^1.2.0"
      },
      "engines": {
        "node": ">=16"
      }
    },
    "node_modules/json-schema-traverse": {
      "version": "1.0.0",
      "resolved": "https://registry.npmjs.org/json-schema-traverse/-/json-schema-traverse-1.0.0.tgz",
      "integrity": "sha512-NM8/P9n3XjXhIZn1lLhkFaACTOURQXjWhV4BA/RnOv8xvgqtqpAX9IO4mRQxSx1Rlo4tqzeqb0sOlruaOy3dug=="
    },
    "node_modules/jsonwebtoken": {
      "version": "9.0.1",
      "resolved": "https://registry.npmjs.org/jsonwebtoken/-/jsonwebtoken-9.0.1.tgz",
      "integrity": "sha512-K8wx7eJ5TPvEjuiVSkv167EVboBDv9PZdDoF7BgeQnBLVvZWW9clr2PsQHVJDTKaEIH5JBIwHujGcHp7GgI2eg==",
      "dependencies": {
        "jws": "^3.2.2",
        "lodash": "^4.17.21",
        "ms": "^2.1.1",
        "semver": "^7.3.8"
      },
      "engines": {
        "node": ">=12",
        "npm": ">=6"
      }
    },
    "node_modules/jwa": {
      "version": "1.4.1",
      "resolved": "https://registry.npmjs.org/jwa/-/jwa-1.4.1.tgz",
      "integrity": "sha512-qiLX/xhEEFKUAJ6FiBMbes3w9ATzyk5W7Hvzpa/SLYdxNtng+gcurvrI7TbACjIXlsJyr05/S1oUhZrc63evQA==",
      "dependencies": {
        "buffer-equal-constant-time": "1.0.1",
        "ecdsa-sig-formatter": "1.0.11",
        "safe-buffer": "^5.0.1"
      }
    },
    "node_modules/jws": {
      "version": "3.2.2",
      "resolved": "https://registry.npmjs.org/jws/-/jws-3.2.2.tgz",
      "integrity": "sha512-YHlZCB6lMTllWDtSPHz/ZXTsi8S00usEV6v1tjq8tOUZzw7DpSDWVXjXDre6ed1w/pd495ODpHZYSdkRTsa0HA==",
      "dependencies": {
        "jwa": "^1.4.1",
        "safe-buffer": "^5.0.1"
      }
    },
    "node_modules/jwt-decode": {
      "version": "3.1.2",
      "resolved": "https://registry.npmjs.org/jwt-decode/-/jwt-decode-3.1.2.tgz",
      "integrity": "sha512-UfpWE/VZn0iP50d8cz9NrZLM9lSWhcJ+0Gt/nm4by88UL+J1SiKN8/5dkjMmbEzwL2CAe+67GsegCbIKtbp75A=="
    },
    "node_modules/lodash": {
      "version": "4.17.21",
      "resolved": "https://registry.npmjs.org/lodash/-/lodash-4.17.21.tgz",
      "integrity": "sha512-v2kDEe57lecTulaDIuNTPy3Ry4gLGJ6Z1O3vE1krgXZNrsQ+LFTGHVxVjcXPs17LhbZVGedAJv8XZ1tvj5FvSg=="
    },
    "node_modules/long-timeout": {
      "version": "0.1.1",
      "resolved": "https://registry.npmjs.org/long-timeout/-/long-timeout-0.1.1.tgz",
      "integrity": "sha512-BFRuQUqc7x2NWxfJBCyUrN8iYUYznzL9JROmRz1gZ6KlOIgmoD+njPVbb+VNn2nGMKggMsK79iUNErillsrx7w=="
    },
    "node_modules/lru-cache": {
      "version": "6.0.0",
      "resolved": "https://registry.npmjs.org/lru-cache/-/lru-cache-6.0.0.tgz",
      "integrity": "sha512-Jo6dJ04CmSjuznwJSS3pUeWmd/H0ffTlkXXgwZi+eq1UCmqQwCh+eLsYOYCwY991i2Fah4h1BEMCx4qThGbsiA==",
      "dependencies": {
        "yallist": "^4.0.0"
      },
      "engines": {
        "node": ">=10"
      }
    },
    "node_modules/moment": {
      "version": "2.29.4",
      "resolved": "https://registry.npmjs.org/moment/-/moment-2.29.4.tgz",
      "integrity": "sha512-5LC9SOxjSc2HF6vO2CyuTDNivEdoz2IvyJJGj6X8DJ0eFyfszE0QiEd+iXmBvUP3WHxSjFH/vIsA0EN00cgr8w==",
      "engines": {
        "node": "*"
      }
    },
    "node_modules/ms": {
      "version": "2.1.3",
      "resolved": "https://registry.npmjs.org/ms/-/ms-2.1.3.tgz",
      "integrity": "sha512-6FlzubTLZG3J2a/NVCAleEhjzq5oxgHyaCU9yYXvcLsvoVaHJq/s5xXI6/XXP6tz7R9xAOtHnSO/tXtF3WRTlA=="
    },
    "node_modules/object-inspect": {
      "version": "1.12.3",
      "resolved": "https://registry.npmjs.org/object-inspect/-/object-inspect-1.12.3.tgz",
      "integrity": "sha512-geUvdk7c+eizMNUDkRpW1wJwgfOiOeHbxBR/hLXK1aT6zmVSO0jsQcs7fj6MGw89jC/cjGfLcNOrtMYtGqm81g==",
      "funding": {
        "url": "https://github.com/sponsors/ljharb"
      }
    },
    "node_modules/punycode": {
      "version": "2.3.0",
      "resolved": "https://registry.npmjs.org/punycode/-/punycode-2.3.0.tgz",
      "integrity": "sha512-rRV+zQD8tVFys26lAGR9WUuS4iUAngJScM+ZRSKtvl5tKeZ2t5bvdNFdNHBW9FWR4guGHlgmsZ1G7BSm2wTbuA==",
      "engines": {
        "node": ">=6"
      }
    },
    "node_modules/qs": {
      "version": "6.11.2",
      "resolved": "https://registry.npmjs.org/qs/-/qs-6.11.2.tgz",
      "integrity": "sha512-tDNIz22aBzCDxLtVH++VnTfzxlfeK5CbqohpSqpJgj1Wg/cQbStNAz3NuqCs5vV+pjBsK4x4pN9HlVh7rcYRiA==",
      "dependencies": {
        "side-channel": "^1.0.4"
      },
      "engines": {
        "node": ">=0.6"
      },
      "funding": {
        "url": "https://github.com/sponsors/ljharb"
      }
    },
    "node_modules/regenerator-runtime": {
      "version": "0.13.11",
      "resolved": "https://registry.npmjs.org/regenerator-runtime/-/regenerator-runtime-0.13.11.tgz",
      "integrity": "sha512-kY1AZVr2Ra+t+piVaJ4gxaFaReZVH40AKNo7UCX6W+dEwBo/2oZJzqfuN1qLq1oL45o56cPaTXELwrTh8Fpggg=="
    },
    "node_modules/require-from-string": {
      "version": "2.0.2",
      "resolved": "https://registry.npmjs.org/require-from-string/-/require-from-string-2.0.2.tgz",
      "integrity": "sha512-Xf0nWe6RseziFMu+Ap9biiUbmplq6S9/p+7w7YXP/JBHhrUDDUhwa+vANyubuqfZWTveU//DYVGsDG7RKL/vEw==",
      "engines": {
        "node": ">=0.10.0"
      }
    },
    "node_modules/safe-buffer": {
      "version": "5.2.1",
      "resolved": "https://registry.npmjs.org/safe-buffer/-/safe-buffer-5.2.1.tgz",
      "integrity": "sha512-rp3So07KcdmmKbGvgaNxQSJr7bGVSVk5S9Eq1F+ppbRo70+YeaDxkw5Dd8NPN+GD6bjnYm2VuPuCXmpuYvmCXQ==",
      "funding": [
        {
          "type": "github",
          "url": "https://github.com/sponsors/feross"
        },
        {
          "type": "patreon",
          "url": "https://www.patreon.com/feross"
        },
        {
          "type": "consulting",
          "url": "https://feross.org/support"
        }
      ]
    },
    "node_modules/semver": {
      "version": "7.5.4",
      "resolved": "https://registry.npmjs.org/semver/-/semver-7.5.4.tgz",
      "integrity": "sha512-1bCSESV6Pv+i21Hvpxp3Dx+pSD8lIPt8uVjRrxAUt/nbswYc+tK6Y2btiULjd4+fnq15PX+nqQDC7Oft7WkwcA==",
      "dependencies": {
        "lru-cache": "^6.0.0"
      },
      "bin": {
        "semver": "bin/semver.js"
      },
      "engines": {
        "node": ">=10"
      }
    },
    "node_modules/side-channel": {
      "version": "1.0.4",
      "resolved": "https://registry.npmjs.org/side-channel/-/side-channel-1.0.4.tgz",
      "integrity": "sha512-q5XPytqFEIKHkGdiMIrY10mvLRvnQh42/+GoBlFW3b2LXLE2xxJpZFdm94we0BaoV3RwJyGqg5wS7epxTv0Zvw==",
      "dependencies": {
        "call-bind": "^1.0.0",
        "get-intrinsic": "^1.0.2",
        "object-inspect": "^1.9.0"
      },
      "funding": {
        "url": "https://github.com/sponsors/ljharb"
      }
    },
    "node_modules/socket.io-client": {
      "version": "4.7.1",
      "resolved": "https://registry.npmjs.org/socket.io-client/-/socket.io-client-4.7.1.tgz",
      "integrity": "sha512-Qk3Xj8ekbnzKu3faejo4wk2MzXA029XppiXtTF/PkbTg+fcwaTw1PlDrTrrrU4mKoYC4dvlApOnSeyLCKwek2w==",
      "dependencies": {
        "@socket.io/component-emitter": "~3.1.0",
        "debug": "~4.3.2",
        "engine.io-client": "~6.5.1",
        "socket.io-parser": "~4.2.4"
      },
      "engines": {
        "node": ">=10.0.0"
      }
    },
    "node_modules/socket.io-parser": {
      "version": "4.2.4",
      "resolved": "https://registry.npmjs.org/socket.io-parser/-/socket.io-parser-4.2.4.tgz",
      "integrity": "sha512-/GbIKmo8ioc+NIWIhwdecY0ge+qVBSMdgxGygevmdHj24bsfgtCmcUUcQ5ZzcylGFHsN3k4HB4Cgkl96KVnuew==",
      "dependencies": {
        "@socket.io/component-emitter": "~3.1.0",
        "debug": "~4.3.1"
      },
      "engines": {
        "node": ">=10.0.0"
      }
    },
    "node_modules/ts-algebra": {
      "version": "1.2.0",
      "resolved": "https://registry.npmjs.org/ts-algebra/-/ts-algebra-1.2.0.tgz",
      "integrity": "sha512-kMuJJd8B2N/swCvIvn1hIFcIOrLGbWl9m/J6O3kHx9VRaevh00nvgjPiEGaRee7DRaAczMYR2uwWvXU22VFltw=="
    },
    "node_modules/uri-js": {
      "version": "4.4.1",
      "resolved": "https://registry.npmjs.org/uri-js/-/uri-js-4.4.1.tgz",
      "integrity": "sha512-7rKUyy33Q1yc98pQ1DAmLtwX109F7TIfWlW1Ydo8Wl1ii1SeHieeh0HHfPeL2fMXK6z0s8ecKs9frCuLJvndBg==",
      "dependencies": {
        "punycode": "^2.1.0"
      }
    },
    "node_modules/uuid": {
      "version": "9.0.0",
      "resolved": "https://registry.npmjs.org/uuid/-/uuid-9.0.0.tgz",
      "integrity": "sha512-MXcSTerfPa4uqyzStbRoTgt5XIe3x5+42+q1sDuy3R5MDk66URdLMOZe5aPX/SQd+kuYAh0FdP/pO28IkQyTeg==",
      "bin": {
        "uuid": "dist/bin/uuid"
      }
    },
    "node_modules/ws": {
      "version": "8.11.0",
      "resolved": "https://registry.npmjs.org/ws/-/ws-8.11.0.tgz",
      "integrity": "sha512-HPG3wQd9sNQoT9xHyNCXoDUa+Xw/VevmY9FoHyQ+g+rrMn4j6FB4np7Z0OhdTgjx6MgQLK7jwSy1YecU1+4Asg==",
      "engines": {
        "node": ">=10.0.0"
      },
      "peerDependencies": {
        "bufferutil": "^4.0.1",
        "utf-8-validate": "^5.0.2"
      },
      "peerDependenciesMeta": {
        "bufferutil": {
          "optional": true
        },
        "utf-8-validate": {
          "optional": true
        }
      }
    },
    "node_modules/xmlhttprequest-ssl": {
      "version": "2.0.0",
      "resolved": "https://registry.npmjs.org/xmlhttprequest-ssl/-/xmlhttprequest-ssl-2.0.0.tgz",
      "integrity": "sha512-QKxVRxiRACQcVuQEYFsI1hhkrMlrXHPegbbd1yn9UHOmRxY+si12nQYzri3vbzt8VdTTRviqcKxcyllFas5z2A==",
      "engines": {
        "node": ">=0.4.0"
      }
    },
    "node_modules/yallist": {
      "version": "4.0.0",
      "resolved": "https://registry.npmjs.org/yallist/-/yallist-4.0.0.tgz",
      "integrity": "sha512-3wdGidZyq5PB084XLES5TpOSRA3wjXAlIWMhum2kRcv/41Sn2emQ0dycQW4uZXLejwKvg6EsvbdlVL+FYEct7A=="
    }
  }
}
